
Microsoft Visual Studio Solution File, Format Version 12.00
# Visual Studio Version 17
VisualStudioVersion = 17.7.34031.279
MinimumVisualStudioVersion = 10.0.40219.1
Project("{9A19103F-16F7-4668-BE54-9A1E7A4F7556}") = "RestApiCRUDDemo", "RestApiCRUDDemo.csproj", "{DDBD03D4-8598-439A-AEAB-1072542A80FD}"
EndProject
Project("{FAE04EC0-301F-11D3-BF4B-00C04F79EFBC}") = "UnitTestProject1", "..\UnitTestProject1\UnitTestProject1.csproj", "{C5EED7C0-5B7C-499E-B551-412110A3C6D6}"
EndProject
Global
	GlobalSection(SolutionConfigurationPlatforms) = preSolution
		Debug|Any CPU = Debug|Any CPU
		Release|Any CPU = Release|Any CPU
	EndGlobalSection
	GlobalSection(ProjectConfigurationPlatforms) = postSolution
		{DDBD03D4-8598-439A-AEAB-1072542A80FD}.Debug|Any CPU.ActiveCfg = Debug|Any CPU
		{DDBD03D4-8598-439A-AEAB-1072542A80FD}.Debug|Any CPU.Build.0 = Debug|Any CPU
		{DDBD03D4-8598-439A-AEAB-1072542A80FD}.Release|Any CPU.ActiveCfg = Release|Any CPU
		{DDBD03D4-8598-439A-AEAB-1072542A80FD}.Release|Any CPU.Build.0 = Release|Any CPU
		{C5EED7C0-5B7C-499E-B551-412110A3C6D6}.Debug|Any CPU.ActiveCfg = Debug|Any CPU
		{C5EED7C0-5B7C-499E-B551-412110A3C6D6}.Debug|Any CPU.Build.0 = Debug|Any CPU
		{C5EED7C0-5B7C-499E-B551-412110A3C6D6}.Release|Any CPU.ActiveCfg = Release|Any CPU
		{C5EED7C0-5B7C-499E-B551-412110A3C6D6}.Release|Any CPU.Build.0 = Release|Any CPU
	EndGlobalSection
	GlobalSection(SolutionProperties) = preSolution
		HideSolutionNode = FALSE
	EndGlobalSection
	GlobalSection(ExtensibilityGlobals) = postSolution
		SolutionGuid = {F055731A-5918-4F22-B508-5319BEB6ECC2}
	EndGlobalSection
EndGlobal
